
Microsoft Visual Studio Solution File, Format Version 12.00
# Visual Studio 15
VisualStudioVersion = 15.0.28307.757
MinimumVisualStudioVersion = 10.0.40219.1
Project("{8BC9CEB8-8B4A-11D0-8D11-00A0C91BC942}") = "lib_mlx90614_example", "lib_mlx90614_example\lib_mlx90614_example.vcxproj", "{B746D912-EC2A-48DD-9EBB-C011FB477BAD}"
EndProject
Project("{8BC9CEB8-8B4A-11D0-8D11-00A0C91BC942}") = "lib_mlx90614", "..\lib_mlx90614\lib_mlx90614.vcxproj", "{F67AB3F8-C86A-49D4-B938-E513824A7C72}"
EndProject
Global
	GlobalSection(SolutionConfigurationPlatforms) = preSolution
		Debug|ARM = Debug|ARM
		Release|ARM = Release|ARM
	EndGlobalSection
	GlobalSection(ProjectConfigurationPlatforms) = postSolution
		{B746D912-EC2A-48DD-9EBB-C011FB477BAD}.Debug|ARM.ActiveCfg = Debug|ARM
		{B746D912-EC2A-48DD-9EBB-C011FB477BAD}.Debug|ARM.Build.0 = Debug|ARM
		{B746D912-EC2A-48DD-9EBB-C011FB477BAD}.Release|ARM.ActiveCfg = Release|ARM
		{B746D912-EC2A-48DD-9EBB-C011FB477BAD}.Release|ARM.Build.0 = Release|ARM
		{F67AB3F8-C86A-49D4-B938-E513824A7C72}.Debug|ARM.ActiveCfg = Debug|ARM
		{F67AB3F8-C86A-49D4-B938-E513824A7C72}.Debug|ARM.Build.0 = Debug|ARM
		{F67AB3F8-C86A-49D4-B938-E513824A7C72}.Release|ARM.ActiveCfg = Release|ARM
		{F67AB3F8-C86A-49D4-B938-E513824A7C72}.Release|ARM.Build.0 = Release|ARM
	EndGlobalSection
	GlobalSection(SolutionProperties) = preSolution
		HideSolutionNode = FALSE
	EndGlobalSection
	GlobalSection(ExtensibilityGlobals) = postSolution
		SolutionGuid = {A3B1367B-4D7E-404D-98F2-6C3ED683469D}
	EndGlobalSection
EndGlobal
